# This file is autogenerated, do not edit; changes may be undone by the next 'dep ensure'.


[[projects]]
  digest = "1:1f4b55d7c57681ad91b7ce3ac7c8e7b139e6dd2f477c5f87e6a7749d298645dc"
  name = "github.com/joho/godotenv"
  packages = [
    ".",
    "autoload",
  ]
  pruneopts = "UT"
  revision = "23d116af351c84513e1946b527c88823e476be13"
  version = "v1.3.0"

[[projects]]
  branch = "master"
  digest = "1:d47010e921a2c4c5f2a2a52ea82de959c27c308e76c0e3cf6db79849a781ebb1"
  name = "github.com/the-web-bricks/passport"
  packages = ["."]
  pruneopts = "UT"
  revision = "095f8d4f4aa30fd933a41639e48d86eb19f8cd90"

[solve-meta]
  analyzer-name = "dep"
  analyzer-version = 1
  input-imports = [
    "github.com/joho/godotenv/autoload",
    "github.com/the-web-bricks/passport",
  ]
  solver-name = "gps-cdcl"
  solver-version = 1
